# This file was autogenerated by Stack.
# You should not edit this file by hand.
# For more information, please see the documentation at:
#   https://docs.haskellstack.org/en/stable/lock_files

packages:
- completed:
    hackage: pbkdf-1.1.1.1@sha256:8d464cca917d723c65fe1a9f03e3b441e3f1bdbe4b72bf0f4e24a1e80ccfa326,2070
    pantry-tree:
      size: 521
      sha256: 6247df8d7f7d197b591e7103d8118b2e59e368eda2f8bc2e3b32992a57ec8b01
  original:
    hackage: pbkdf-1.1.1.1
- completed:
    hackage: ruby-marshal-0.2.0@sha256:7d90418d02621d2553ca9d9901af165f17ce231e2e548f4523f3d63cbee8805b,1786
    pantry-tree:
      size: 815
      sha256: 00061638390b7f3f056a82d4f2f98d3d05959272ee2591ae7c1ff5d5104be41b
  original:
    hackage: ruby-marshal-0.2.0
- completed:
    hackage: base16-bytestring-1.0.1.0@sha256:33b9d57afa334d06485033e930c6b13fc760baf88fd8f715ae2f9a4b46e19a54,2641
    pantry-tree:
      size: 595
      sha256: 24661ef9b1089d468227300f8ceb89194b5cce68b9f6ed8109b01f63c07f54e3
  original:
    hackage: base16-bytestring-1.0.1.0
snapshots:
- completed:
    size: 524996
    url: https://raw.githubusercontent.com/commercialhaskell/stackage-snapshots/master/lts/14/27.yaml
    sha256: 7ea31a280c56bf36ff591a7397cc384d0dff622e7f9e4225b47d8980f019a0f0
  original: lts-14.27
