# This file was autogenerated by Stack.
# You should not edit this file by hand.
# For more information, please see the documentation at:
#   https://docs.haskellstack.org/en/stable/lock_files

packages:
- completed:
    hackage: pbkdf-1.1.1.1@sha256:8d464cca917d723c65fe1a9f03e3b441e3f1bdbe4b72bf0f4e24a1e80ccfa326,2070
    pantry-tree:
      size: 521
      sha256: 6247df8d7f7d197b591e7103d8118b2e59e368eda2f8bc2e3b32992a57ec8b01
  original:
    hackage: pbkdf-1.1.1.1
- completed:
    hackage: ruby-marshal-0.2.0@sha256:7d90418d02621d2553ca9d9901af165f17ce231e2e548f4523f3d63cbee8805b,1786
    pantry-tree:
      size: 815
      sha256: 00061638390b7f3f056a82d4f2f98d3d05959272ee2591ae7c1ff5d5104be41b
  original:
    hackage: ruby-marshal-0.2.0
snapshots:
- completed:
    size: 534126
    url: https://raw.githubusercontent.com/commercialhaskell/stackage-snapshots/master/lts/16/31.yaml
    sha256: 637fb77049b25560622a224845b7acfe81a09fdb6a96a3c75997a10b651667f6
  original: lts-16.31
